// !$*UTF8*$!
{
	archiveVersion = 1;
	classes = {
	};
	objectVersion = 50;
	objects = {

/* Begin PBXBuildFile section */
		08CAC9A12422212500A09DB8 /* AppDelegate.swift in Sources */ = {isa = PBXBuildFile; fileRef = 08CAC9A02422212500A09DB8 /* AppDelegate.swift */; };
		08CAC9A32422212500A09DB8 /* SceneDelegate.swift in Sources */ = {isa = PBXBuildFile; fileRef = 08CAC9A22422212500A09DB8 /* SceneDelegate.swift */; };
		08CAC9A52422212500A09DB8 /* ViewController.swift in Sources */ = {isa = PBXBuildFile; fileRef = 08CAC9A42422212500A09DB8 /* ViewController.swift */; };
		08CAC9A82422212500A09DB8 /* Main.storyboard in Resources */ = {isa = PBXBuildFile; fileRef = 08CAC9A62422212500A09DB8 /* Main.storyboard */; };
		08CAC9AA2422212700A09DB8 /* Assets.xcassets in Resources */ = {isa = PBXBuildFile; fileRef = 08CAC9A92422212700A09DB8 /* Assets.xcassets */; };
		08CAC9AD2422212700A09DB8 /* LaunchScreen.storyboard in Resources */ = {isa = PBXBuildFile; fileRef = 08CAC9AB2422212700A09DB8 /* LaunchScreen.storyboard */; };
		08CAC9B82422212700A09DB8 /* SampleCITests.swift in Sources */ = {isa = PBXBuildFile; fileRef = 08CAC9B72422212700A09DB8 /* SampleCITests.swift */; };
		322B949E7CE36E88186D436A /* Pods_SampleCI.framework in Frameworks */ = {isa = PBXBuildFile; fileRef = A5437129B30313DC3473F5ED /* Pods_SampleCI.framework */; };
		4C58E2233D8AE6CA71998211 /* Pods_SampleCITests.framework in Frameworks */ = {isa = PBXBuildFile; fileRef = 135AA24FB902659027A0A93E /* Pods_SampleCITests.framework */; };
/* End PBXBuildFile section */

/* Begin PBXContainerItemProxy section */
		08CAC9B42422212700A09DB8 /* PBXContainerItemProxy */ = {
			isa = PBXContainerItemProxy;
			containerPortal = 08CAC9952422212500A09DB8 /* Project object */;
			proxyType = 1;
			remoteGlobalIDString = 08CAC99C2422212500A09DB8;
			remoteInfo = SampleCI;
		};
/* End PBXContainerItemProxy section */

/* Begin PBXFileReference section */
		08CAC99D2422212500A09DB8 /* SampleCI.app */ = {isa = PBXFileReference; explicitFileType = wrapper.application; includeInIndex = 0; path = SampleCI.app; sourceTree = BUILT_PRODUCTS_DIR; };
		08CAC9A02422212500A09DB8 /* AppDelegate.swift */ = {isa = PBXFileReference; lastKnownFileType = sourcecode.swift; path = AppDelegate.swift; sourceTree = "<group>"; };
		08CAC9A22422212500A09DB8 /* SceneDelegate.swift */ = {isa = PBXFileReference; lastKnownFileType = sourcecode.swift; path = SceneDelegate.swift; sourceTree = "<group>"; };
		08CAC9A42422212500A09DB8 /* ViewController.swift */ = {isa = PBXFileReference; lastKnownFileType = sourcecode.swift; path = ViewController.swift; sourceTree = "<group>"; };
		08CAC9A72422212500A09DB8 /* Base */ = {isa = PBXFileReference; lastKnownFileType = file.storyboard; name = Base; path = Base.lproj/Main.storyboard; sourceTree = "<group>"; };
		08CAC9A92422212700A09DB8 /* Assets.xcassets */ = {isa = PBXFileReference; lastKnownFileType = folder.assetcatalog; path = Assets.xcassets; sourceTree = "<group>"; };
		08CAC9AC2422212700A09DB8 /* Base */ = {isa = PBXFileReference; lastKnownFileType = file.storyboard; name = Base; path = Base.lproj/LaunchScreen.storyboard; sourceTree = "<group>"; };
		08CAC9AE2422212700A09DB8 /* Info.plist */ = {isa = PBXFileReference; lastKnownFileType = text.plist.xml; path = Info.plist; sourceTree = "<group>"; };
		08CAC9B32422212700A09DB8 /* SampleCITests.xctest */ = {isa = PBXFileReference; explicitFileType = wrapper.cfbundle; includeInIndex = 0; path = SampleCITests.xctest; sourceTree = BUILT_PRODUCTS_DIR; };
		08CAC9B72422212700A09DB8 /* SampleCITests.swift */ = {isa = PBXFileReference; lastKnownFileType = sourcecode.swift; path = SampleCITests.swift; sourceTree = "<group>"; };
		08CAC9B92422212700A09DB8 /* Info.plist */ = {isa = PBXFileReference; lastKnownFileType = text.plist.xml; path = Info.plist; sourceTree = "<group>"; };
		135AA24FB902659027A0A93E /* Pods_SampleCITests.framework */ = {isa = PBXFileReference; explicitFileType = wrapper.framework; includeInIndex = 0; path = Pods_SampleCITests.framework; sourceTree = BUILT_PRODUCTS_DIR; };
		21ACB0B07FBDE5F2E351C9D9 /* Pods-SampleCITests.release.xcconfig */ = {isa = PBXFileReference; includeInIndex = 1; lastKnownFileType = text.xcconfig; name = "Pods-SampleCITests.release.xcconfig"; path = "Target Support Files/Pods-SampleCITests/Pods-SampleCITests.release.xcconfig"; sourceTree = "<group>"; };
		31751808300076318CBB6194 /* Pods-SampleCI.debug.xcconfig */ = {isa = PBXFileReference; includeInIndex = 1; lastKnownFileType = text.xcconfig; name = "Pods-SampleCI.debug.xcconfig"; path = "Target Support Files/Pods-SampleCI/Pods-SampleCI.debug.xcconfig"; sourceTree = "<group>"; };
		9AD02720C3CBC51EE3FF2B56 /* Pods-SampleCI.release.xcconfig */ = {isa = PBXFileReference; includeInIndex = 1; lastKnownFileType = text.xcconfig; name = "Pods-SampleCI.release.xcconfig"; path = "Target Support Files/Pods-SampleCI/Pods-SampleCI.release.xcconfig"; sourceTree = "<group>"; };
		A5437129B30313DC3473F5ED /* Pods_SampleCI.framework */ = {isa = PBXFileReference; explicitFileType = wrapper.framework; includeInIndex = 0; path = Pods_SampleCI.framework; sourceTree = BUILT_PRODUCTS_DIR; };
		ED288D30B7931297CDA6DC62 /* Pods-SampleCITests.debug.xcconfig */ = {isa = PBXFileReference; includeInIndex = 1; lastKnownFileType = text.xcconfig; name = "Pods-SampleCITests.debug.xcconfig"; path = "Target Support Files/Pods-SampleCITests/Pods-SampleCITests.debug.xcconfig"; sourceTree = "<group>"; };
/* End PBXFileReference section */

/* Begin PBXFrameworksBuildPhase section */
		08CAC99A2422212500A09DB8 /* Frameworks */ = {
			isa = PBXFrameworksBuildPhase;
			buildActionMask = 2147483647;
			files = (
				322B949E7CE36E88186D436A /* Pods_SampleCI.framework in Frameworks */,
			);
			runOnlyForDeploymentPostprocessing = 0;
		};
		08CAC9B02422212700A09DB8 /* Frameworks */ = {
			isa = PBXFrameworksBuildPhase;
			buildActionMask = 2147483647;
			files = (
				4C58E2233D8AE6CA71998211 /* Pods_SampleCITests.framework in Frameworks */,
			);
			runOnlyForDeploymentPostprocessing = 0;
		};
/* End PBXFrameworksBuildPhase section */

/* Begin PBXGroup section */
		08CAC9942422212500A09DB8 = {
			isa = PBXGroup;
			children = (
				08CAC99F2422212500A09DB8 /* SampleCI */,
				08CAC9B62422212700A09DB8 /* SampleCITests */,
				08CAC99E2422212500A09DB8 /* Products */,
				3C9F37560D09F0C7082709A4 /* Pods */,
				AF2821FBCAA9BBF25122632A /* Frameworks */,
			);
			sourceTree = "<group>";
		};
		08CAC99E2422212500A09DB8 /* Products */ = {
			isa = PBXGroup;
			children = (
				08CAC99D2422212500A09DB8 /* SampleCI.app */,
				08CAC9B32422212700A09DB8 /* SampleCITests.xctest */,
			);
			name = Products;
			sourceTree = "<group>";
		};
		08CAC99F2422212500A09DB8 /* SampleCI */ = {
			isa = PBXGroup;
			children = (
				08CAC9A02422212500A09DB8 /* AppDelegate.swift */,
				08CAC9A22422212500A09DB8 /* SceneDelegate.swift */,
				08CAC9A42422212500A09DB8 /* ViewController.swift */,
				08CAC9A62422212500A09DB8 /* Main.storyboard */,
				08CAC9A92422212700A09DB8 /* Assets.xcassets */,
				08CAC9AB2422212700A09DB8 /* LaunchScreen.storyboard */,
				08CAC9AE2422212700A09DB8 /* Info.plist */,
			);
			path = SampleCI;
			sourceTree = "<group>";
		};
		08CAC9B62422212700A09DB8 /* SampleCITests */ = {
			isa = PBXGroup;
			children = (
				08CAC9B72422212700A09DB8 /* SampleCITests.swift */,
				08CAC9B92422212700A09DB8 /* Info.plist */,
			);
			path = SampleCITests;
			sourceTree = "<group>";
		};
		3C9F37560D09F0C7082709A4 /* Pods */ = {
			isa = PBXGroup;
			children = (
				31751808300076318CBB6194 /* Pods-SampleCI.debug.xcconfig */,
				9AD02720C3CBC51EE3FF2B56 /* Pods-SampleCI.release.xcconfig */,
				ED288D30B7931297CDA6DC62 /* Pods-SampleCITests.debug.xcconfig */,
				21ACB0B07FBDE5F2E351C9D9 /* Pods-SampleCITests.release.xcconfig */,
			);
			name = Pods;
			path = Pods;
			sourceTree = "<group>";
		};
		AF2821FBCAA9BBF25122632A /* Frameworks */ = {
			isa = PBXGroup;
			children = (
				A5437129B30313DC3473F5ED /* Pods_SampleCI.framework */,
				135AA24FB902659027A0A93E /* Pods_SampleCITests.framework */,
			);
			name = Frameworks;
			sourceTree = "<group>";
		};
/* End PBXGroup section */

/* Begin PBXNativeTarget section */
		08CAC99C2422212500A09DB8 /* SampleCI */ = {
			isa = PBXNativeTarget;
			buildConfigurationList = 08CAC9BC2422212700A09DB8 /* Build configuration list for PBXNativeTarget "SampleCI" */;
			buildPhases = (
				2AE2D51E87BDC475469380AC /* [CP] Check Pods Manifest.lock */,
				08CAC9992422212500A09DB8 /* Sources */,
				08CAC99A2422212500A09DB8 /* Frameworks */,
				08CAC99B2422212500A09DB8 /* Resources */,
				89AD1B3126E6ED05C8BEA4DF /* [CP] Embed Pods Frameworks */,
			);
			buildRules = (
			);
			dependencies = (
			);
			name = SampleCI;
			productName = SampleCI;
			productReference = 08CAC99D2422212500A09DB8 /* SampleCI.app */;
			productType = "com.apple.product-type.application";
		};
		08CAC9B22422212700A09DB8 /* SampleCITests */ = {
			isa = PBXNativeTarget;
			buildConfigurationList = 08CAC9BF2422212700A09DB8 /* Build configuration list for PBXNativeTarget "SampleCITests" */;
			buildPhases = (
				4D8392F86C5CC2FC4DF6D6B9 /* [CP] Check Pods Manifest.lock */,
				08CAC9AF2422212700A09DB8 /* Sources */,
				08CAC9B02422212700A09DB8 /* Frameworks */,
				08CAC9B12422212700A09DB8 /* Resources */,
			);
			buildRules = (
			);
			dependencies = (
				08CAC9B52422212700A09DB8 /* PBXTargetDependency */,
			);
			name = SampleCITests;
			productName = SampleCITests;
			productReference = 08CAC9B32422212700A09DB8 /* SampleCITests.xctest */;
			productType = "com.apple.product-type.bundle.unit-test";
		};
/* End PBXNativeTarget section */

/* Begin PBXProject section */
		08CAC9952422212500A09DB8 /* Project object */ = {
			isa = PBXProject;
			attributes = {
				LastSwiftUpdateCheck = 1130;
				LastUpgradeCheck = 1130;
				ORGANIZATIONNAME = "Sumra Aarif";
				TargetAttributes = {
					08CAC99C2422212500A09DB8 = {
						CreatedOnToolsVersion = 11.3.1;
					};
					08CAC9B22422212700A09DB8 = {
						CreatedOnToolsVersion = 11.3.1;
						TestTargetID = 08CAC99C2422212500A09DB8;
					};
				};
			};
			buildConfigurationList = 08CAC9982422212500A09DB8 /* Build configuration list for PBXProject "SampleCI" */;
			compatibilityVersion = "Xcode 9.3";
			developmentRegion = en;
			hasScannedForEncodings = 0;
			knownRegions = (
				en,
				Base,
			);
			mainGroup = 08CAC9942422212500A09DB8;
			productRefGroup = 08CAC99E2422212500A09DB8 /* Products */;
			projectDirPath = "";
			projectRoot = "";
			targets = (
				08CAC99C2422212500A09DB8 /* SampleCI */,
				08CAC9B22422212700A09DB8 /* SampleCITests */,
			);
		};
/* End PBXProject section */

/* Begin PBXResourcesBuildPhase section */
		08CAC99B2422212500A09DB8 /* Resources */ = {
			isa = PBXResourcesBuildPhase;
			buildActionMask = 2147483647;
			files = (
				08CAC9AD2422212700A09DB8 /* LaunchScreen.storyboard in Resources */,
				08CAC9AA2422212700A09DB8 /* Assets.xcassets in Resources */,
				08CAC9A82422212500A09DB8 /* Main.storyboard in Resources */,
			);
			runOnlyForDeploymentPostprocessing = 0;
		};
		08CAC9B12422212700A09DB8 /* Resources */ = {
			isa = PBXResourcesBuildPhase;
			buildActionMask = 2147483647;
			files = (
			);
			runOnlyForDeploymentPostprocessing = 0;
		};
/* End PBXResourcesBuildPhase section */

/* Begin PBXShellScriptBuildPhase section */
		2AE2D51E87BDC475469380AC /* [CP] Check Pods Manifest.lock */ = {
			isa = PBXShellScriptBuildPhase;
			buildActionMask = 2147483647;
			files = (
			);
			inputFileListPaths = (
			);
			inputPaths = (
				"${PODS_PODFILE_DIR_PATH}/Podfile.lock",
				"${PODS_ROOT}/Manifest.lock",
			);
			name = "[CP] Check Pods Manifest.lock";
			outputFileListPaths = (
			);
			outputPaths = (
				"$(DERIVED_FILE_DIR)/Pods-SampleCI-checkManifestLockResult.txt",
			);
			runOnlyForDeploymentPostprocessing = 0;
			shellPath = /bin/sh;
			shellScript = "diff \"${PODS_PODFILE_DIR_PATH}/Podfile.lock\" \"${PODS_ROOT}/Manifest.lock\" > /dev/null\nif [ $? != 0 ] ; then\n    # print error to STDERR\n    echo \"error: The sandbox is not in sync with the Podfile.lock. Run 'pod install' or update your CocoaPods installation.\" >&2\n    exit 1\nfi\n# This output is used by Xcode 'outputs' to avoid re-running this script phase.\necho \"SUCCESS\" > \"${SCRIPT_OUTPUT_FILE_0}\"\n";
			showEnvVarsInLog = 0;
		};
		4D8392F86C5CC2FC4DF6D6B9 /* [CP] Check Pods Manifest.lock */ = {
			isa = PBXShellScriptBuildPhase;
			buildActionMask = 2147483647;
			files = (
			);
			inputFileListPaths = (
			);
			inputPaths = (
				"${PODS_PODFILE_DIR_PATH}/Podfile.lock",
				"${PODS_ROOT}/Manifest.lock",
			);
			name = "[CP] Check Pods Manifest.lock";
			outputFileListPaths = (
			);
			outputPaths = (
				"$(DERIVED_FILE_DIR)/Pods-SampleCITests-checkManifestLockResult.txt",
			);
			runOnlyForDeploymentPostprocessing = 0;
			shellPath = /bin/sh;
			shellScript = "diff \"${PODS_PODFILE_DIR_PATH}/Podfile.lock\" \"${PODS_ROOT}/Manifest.lock\" > /dev/null\nif [ $? != 0 ] ; then\n    # print error to STDERR\n    echo \"error: The sandbox is not in sync with the Podfile.lock. Run 'pod install' or update your CocoaPods installation.\" >&2\n    exit 1\nfi\n# This output is used by Xcode 'outputs' to avoid re-running this script phase.\necho \"SUCCESS\" > \"${SCRIPT_OUTPUT_FILE_0}\"\n";
			showEnvVarsInLog = 0;
		};
		89AD1B3126E6ED05C8BEA4DF /* [CP] Embed Pods Frameworks */ = {
			isa = PBXShellScriptBuildPhase;
			buildActionMask = 2147483647;
			files = (
			);
			inputFileListPaths = (
				"${PODS_ROOT}/Target Support Files/Pods-SampleCI/Pods-SampleCI-frameworks-${CONFIGURATION}-input-files.xcfilelist",
			);
			name = "[CP] Embed Pods Frameworks";
			outputFileListPaths = (
				"${PODS_ROOT}/Target Support Files/Pods-SampleCI/Pods-SampleCI-frameworks-${CONFIGURATION}-output-files.xcfilelist",
			);
			runOnlyForDeploymentPostprocessing = 0;
			shellPath = /bin/sh;
			shellScript = "\"${PODS_ROOT}/Target Support Files/Pods-SampleCI/Pods-SampleCI-frameworks.sh\"\n";
			showEnvVarsInLog = 0;
		};
/* End PBXShellScriptBuildPhase section */

/* Begin PBXSourcesBuildPhase section */
		08CAC9992422212500A09DB8 /* Sources */ = {
			isa = PBXSourcesBuildPhase;
			buildActionMask = 2147483647;
			files = (
				08CAC9A52422212500A09DB8 /* ViewController.swift in Sources */,
				08CAC9A12422212500A09DB8 /* AppDelegate.swift in Sources */,
				08CAC9A32422212500A09DB8 /* SceneDelegate.swift in Sources */,
			);
			runOnlyForDeploymentPostprocessing = 0;
		};
		08CAC9AF2422212700A09DB8 /* Sources */ = {
			isa = PBXSourcesBuildPhase;
			buildActionMask = 2147483647;
			files = (
				08CAC9B82422212700A09DB8 /* SampleCITests.swift in Sources */,
			);
			runOnlyForDeploymentPostprocessing = 0;
		};
/* End PBXSourcesBuildPhase section */

/* Begin PBXTargetDependency section */
		08CAC9B52422212700A09DB8 /* PBXTargetDependency */ = {
			isa = PBXTargetDependency;
			target = 08CAC99C2422212500A09DB8 /* SampleCI */;
			targetProxy = 08CAC9B42422212700A09DB8 /* PBXContainerItemProxy */;
		};
/* End PBXTargetDependency section */

/* Begin PBXVariantGroup section */
		08CAC9A62422212500A09DB8 /* Main.storyboard */ = {
			isa = PBXVariantGroup;
			children = (
				08CAC9A72422212500A09DB8 /* Base */,
			);
			name = Main.storyboard;
			sourceTree = "<group>";
		};
		08CAC9AB2422212700A09DB8 /* LaunchScreen.storyboard */ = {
			isa = PBXVariantGroup;
			children = (
				08CAC9AC2422212700A09DB8 /* Base */,
			);
			name = LaunchScreen.storyboard;
			sourceTree = "<group>";
		};
/* End PBXVariantGroup section */

/* Begin XCBuildConfiguration section */
		08CAC9BA2422212700A09DB8 /* Debug */ = {
			isa = XCBuildConfiguration;
			buildSettings = {
				ALWAYS_SEARCH_USER_PATHS = NO;
				CLANG_ANALYZER_NONNULL = YES;
				CLANG_ANALYZER_NUMBER_OBJECT_CONVERSION = YES_AGGRESSIVE;
				CLANG_CXX_LANGUAGE_STANDARD = "gnu++14";
				CLANG_CXX_LIBRARY = "libc++";
				CLANG_ENABLE_MODULES = YES;
				CLANG_ENABLE_OBJC_ARC = YES;
				CLANG_ENABLE_OBJC_WEAK = YES;
				CLANG_WARN_BLOCK_CAPTURE_AUTORELEASING = YES;
				CLANG_WARN_BOOL_CONVERSION = YES;
				CLANG_WARN_COMMA = YES;
				CLANG_WARN_CONSTANT_CONVERSION = YES;
				CLANG_WARN_DEPRECATED_OBJC_IMPLEMENTATIONS = YES;
				CLANG_WARN_DIRECT_OBJC_ISA_USAGE = YES_ERROR;
				CLANG_WARN_DOCUMENTATION_COMMENTS = YES;
				CLANG_WARN_EMPTY_BODY = YES;
				CLANG_WARN_ENUM_CONVERSION = YES;
				CLANG_WARN_INFINITE_RECURSION = YES;
				CLANG_WARN_INT_CONVERSION = YES;
				CLANG_WARN_NON_LITERAL_NULL_CONVERSION = YES;
				CLANG_WARN_OBJC_IMPLICIT_RETAIN_SELF = YES;
				CLANG_WARN_OBJC_LITERAL_CONVERSION = YES;
				CLANG_WARN_OBJC_ROOT_CLASS = YES_ERROR;
				CLANG_WARN_RANGE_LOOP_ANALYSIS = YES;
				CLANG_WARN_STRICT_PROTOTYPES = YES;
				CLANG_WARN_SUSPICIOUS_MOVE = YES;
				CLANG_WARN_UNGUARDED_AVAILABILITY = YES_AGGRESSIVE;
				CLANG_WARN_UNREACHABLE_CODE = YES;
				CLANG_WARN__DUPLICATE_METHOD_MATCH = YES;
				COPY_PHASE_STRIP = NO;
				DEBUG_INFORMATION_FORMAT = dwarf;
				ENABLE_STRICT_OBJC_MSGSEND = YES;
				ENABLE_TESTABILITY = YES;
				GCC_C_LANGUAGE_STANDARD = gnu11;
				GCC_DYNAMIC_NO_PIC = NO;
				GCC_NO_COMMON_BLOCKS = YES;
				GCC_OPTIMIZATION_LEVEL = 0;
				GCC_PREPROCESSOR_DEFINITIONS = (
					"DEBUG=1",
					"$(inherited)",
				);
				GCC_WARN_64_TO_32_BIT_CONVERSION = YES;
				GCC_WARN_ABOUT_RETURN_TYPE = YES_ERROR;
				GCC_WARN_UNDECLARED_SELECTOR = YES;
				GCC_WARN_UNINITIALIZED_AUTOS = YES_AGGRESSIVE;
				GCC_WARN_UNUSED_FUNCTION = YES;
				GCC_WARN_UNUSED_VARIABLE = YES;
				IPHONEOS_DEPLOYMENT_TARGET = 13.2;
				MTL_ENABLE_DEBUG_INFO = INCLUDE_SOURCE;
				MTL_FAST_MATH = YES;
				ONLY_ACTIVE_ARCH = YES;
				SDKROOT = iphoneos;
				SWIFT_ACTIVE_COMPILATION_CONDITIONS = DEBUG;
				SWIFT_OPTIMIZATION_LEVEL = "-Onone";
			};
			name = Debug;
		};
		08CAC9BB2422212700A09DB8 /* Release */ = {
			isa = XCBuildConfiguration;
			buildSettings = {
				ALWAYS_SEARCH_USER_PATHS = NO;
				CLANG_ANALYZER_NONNULL = YES;
				CLANG_ANALYZER_NUMBER_OBJECT_CONVERSION = YES_AGGRESSIVE;
				CLANG_CXX_LANGUAGE_STANDARD = "gnu++14";
				CLANG_CXX_LIBRARY = "libc++";
				CLANG_ENABLE_MODULES = YES;
				CLANG_ENABLE_OBJC_ARC = YES;
				CLANG_ENABLE_OBJC_WEAK = YES;
				CLANG_WARN_BLOCK_CAPTURE_AUTORELEASING = YES;
				CLANG_WARN_BOOL_CONVERSION = YES;
				CLANG_WARN_COMMA = YES;
				CLANG_WARN_CONSTANT_CONVERSION = YES;
				CLANG_WARN_DEPRECATED_OBJC_IMPLEMENTATIONS = YES;
				CLANG_WARN_DIRECT_OBJC_ISA_USAGE = YES_ERROR;
				CLANG_WARN_DOCUMENTATION_COMMENTS = YES;
				CLANG_WARN_EMPTY_BODY = YES;
				CLANG_WARN_ENUM_CONVERSION = YES;
				CLANG_WARN_INFINITE_RECURSION = YES;
				CLANG_WARN_INT_CONVERSION = YES;
				CLANG_WARN_NON_LITERAL_NULL_CONVERSION = YES;
				CLANG_WARN_OBJC_IMPLICIT_RETAIN_SELF = YES;
				CLANG_WARN_OBJC_LITERAL_CONVERSION = YES;
				CLANG_WARN_OBJC_ROOT_CLASS = YES_ERROR;
				CLANG_WARN_RANGE_LOOP_ANALYSIS = YES;
				CLANG_WARN_STRICT_PROTOTYPES = YES;
				CLANG_WARN_SUSPICIOUS_MOVE = YES;
				CLANG_WARN_UNGUARDED_AVAILABILITY = YES_AGGRESSIVE;
				CLANG_WARN_UNREACHABLE_CODE = YES;
				CLANG_WARN__DUPLICATE_METHOD_MATCH = YES;
				COPY_PHASE_STRIP = NO;
				DEBUG_INFORMATION_FORMAT = "dwarf-with-dsym";
				ENABLE_NS_ASSERTIONS = NO;
				ENABLE_STRICT_OBJC_MSGSEND = YES;
				GCC_C_LANGUAGE_STANDARD = gnu11;
				GCC_NO_COMMON_BLOCKS = YES;
				GCC_WARN_64_TO_32_BIT_CONVERSION = YES;
				GCC_WARN_ABOUT_RETURN_TYPE = YES_ERROR;
				GCC_WARN_UNDECLARED_SELECTOR = YES;
				GCC_WARN_UNINITIALIZED_AUTOS = YES_AGGRESSIVE;
				GCC_WARN_UNUSED_FUNCTION = YES;
				GCC_WARN_UNUSED_VARIABLE = YES;
				IPHONEOS_DEPLOYMENT_TARGET = 13.2;
				MTL_ENABLE_DEBUG_INFO = NO;
				MTL_FAST_MATH = YES;
				SDKROOT = iphoneos;
				SWIFT_COMPILATION_MODE = wholemodule;
				SWIFT_OPTIMIZATION_LEVEL = "-O";
				VALIDATE_PRODUCT = YES;
			};
			name = Release;
		};
		08CAC9BD2422212700A09DB8 /* Debug */ = {
			isa = XCBuildConfiguration;
			baseConfigurationReference = 31751808300076318CBB6194 /* Pods-SampleCI.debug.xcconfig */;
			buildSettings = {
				ASSETCATALOG_COMPILER_APPICON_NAME = AppIcon;
				CODE_SIGN_STYLE = Automatic;
				DEVELOPMENT_TEAM = DFBYPDT6KW;
				INFOPLIST_FILE = SampleCI/Info.plist;
				LD_RUNPATH_SEARCH_PATHS = (
					"$(inherited)",
					"@executable_path/Frameworks",
				);
				PRODUCT_BUNDLE_IDENTIFIER = com.aarifsumra.ios.SampleCI;
				PRODUCT_NAME = "$(TARGET_NAME)";
				SWIFT_VERSION = 5.0;
				TARGETED_DEVICE_FAMILY = "1,2";
			};
			name = Debug;
		};
		08CAC9BE2422212700A09DB8 /* Release */ = {
			isa = XCBuildConfiguration;
			baseConfigurationReference = 9AD02720C3CBC51EE3FF2B56 /* Pods-SampleCI.release.xcconfig */;
			buildSettings = {
				ASSETCATALOG_COMPILER_APPICON_NAME = AppIcon;
				CODE_SIGN_STYLE = Automatic;
				DEVELOPMENT_TEAM = DFBYPDT6KW;
				INFOPLIST_FILE = SampleCI/Info.plist;
				LD_RUNPATH_SEARCH_PATHS = (
					"$(inherited)",
					"@executable_path/Frameworks",
				);
				PRODUCT_BUNDLE_IDENTIFIER = com.aarifsumra.ios.SampleCI;
				PRODUCT_NAME = "$(TARGET_NAME)";
				SWIFT_VERSION = 5.0;
				TARGETED_DEVICE_FAMILY = "1,2";
			};
			name = Release;
		};
		08CAC9C02422212700A09DB8 /* Debug */ = {
			isa = XCBuildConfiguration;
			baseConfigurationReference = ED288D30B7931297CDA6DC62 /* Pods-SampleCITests.debug.xcconfig */;
			buildSettings = {
				ALWAYS_EMBED_SWIFT_STANDARD_LIBRARIES = YES;
				BUNDLE_LOADER = "$(TEST_HOST)";
				CODE_SIGN_STYLE = Automatic;
				DEVELOPMENT_TEAM = DFBYPDT6KW;
				INFOPLIST_FILE = SampleCITests/Info.plist;
				IPHONEOS_DEPLOYMENT_TARGET = 13.2;
				LD_RUNPATH_SEARCH_PATHS = (
					"$(inherited)",
					"@executable_path/Frameworks",
					"@loader_path/Frameworks",
				);
				PRODUCT_BUNDLE_IDENTIFIER = com.aarifsumra.ios.SampleCITests;
				PRODUCT_NAME = "$(TARGET_NAME)";
				SWIFT_VERSION = 5.0;
				TARGETED_DEVICE_FAMILY = "1,2";
				TEST_HOST = "$(BUILT_PRODUCTS_DIR)/SampleCI.app/SampleCI";
			};
			name = Debug;
		};
		08CAC9C12422212700A09DB8 /* Release */ = {
			isa = XCBuildConfiguration;
			baseConfigurationReference = 21ACB0B07FBDE5F2E351C9D9 /* Pods-SampleCITests.release.xcconfig */;
			buildSettings = {
				ALWAYS_EMBED_SWIFT_STANDARD_LIBRARIES = YES;
				BUNDLE_LOADER = "$(TEST_HOST)";
				CODE_SIGN_STYLE = Automatic;
				DEVELOPMENT_TEAM = DFBYPDT6KW;
				INFOPLIST_FILE = SampleCITests/Info.plist;
				IPHONEOS_DEPLOYMENT_TARGET = 13.2;
				LD_RUNPATH_SEARCH_PATHS = (
					"$(inherited)",
					"@executable_path/Frameworks",
					"@loader_path/Frameworks",
				);
				PRODUCT_BUNDLE_IDENTIFIER = com.aarifsumra.ios.SampleCITests;
				PRODUCT_NAME = "$(TARGET_NAME)";
				SWIFT_VERSION = 5.0;
				TARGETED_DEVICE_FAMILY = "1,2";
				TEST_HOST = "$(BUILT_PRODUCTS_DIR)/SampleCI.app/SampleCI";
			};
			name = Release;
		};
/* End XCBuildConfiguration section */

/* Begin XCConfigurationList section */
		08CAC9982422212500A09DB8 /* Build configuration list for PBXProject "SampleCI" */ = {
			isa = XCConfigurationList;
			buildConfigurations = (
				08CAC9BA2422212700A09DB8 /* Debug */,
				08CAC9BB2422212700A09DB8 /* Release */,
			);
			defaultConfigurationIsVisible = 0;
			defaultConfigurationName = Release;
		};
		08CAC9BC2422212700A09DB8 /* Build configuration list for PBXNativeTarget "SampleCI" */ = {
			isa = XCConfigurationList;
			buildConfigurations = (
				08CAC9BD2422212700A09DB8 /* Debug */,
				08CAC9BE2422212700A09DB8 /* Release */,
			);
			defaultConfigurationIsVisible = 0;
			defaultConfigurationName = Release;
		};
		08CAC9BF2422212700A09DB8 /* Build configuration list for PBXNativeTarget "SampleCITests" */ = {
			isa = XCConfigurationList;
			buildConfigurations = (
				08CAC9C02422212700A09DB8 /* Debug */,
				08CAC9C12422212700A09DB8 /* Release */,
			);
			defaultConfigurationIsVisible = 0;
			defaultConfigurationName = Release;
		};
/* End XCConfigurationList section */
	};
	rootObject = 08CAC9952422212500A09DB8 /* Project object */;
}
